{
    "_meta": {
        "hash": {
            "sha256": "48e97c09e5d2009b2fdd2c43e61c19fe57b55eb4901b40d95cdafd0d97eaa4a5"
        },
        "pipfile-spec": 6,
        "requires": {
            "python_version": "3"
        },
        "sources": [
            {
                "name": "pypi",
                "url": "https://mirrors.ustc.edu.cn/pypi/web/simple",
                "verify_ssl": true
            }
        ]
    },
    "default": {
        "pika": {
            "hashes": [
                "sha256:035e4e46069a81d1135eed27cf74ef0fedf9a0a32285966717233529e9f69bae",
                "sha256:306145b8683e016d81aea996bcaefee648483fc5a9eb4694bb488f54df54a751"
            ],
            "index": "pypi",
            "version": "==0.12.0"
        }
    },
    "develop": {
        "cscanscheduler": {
            "editable": true,
            "path": "."
        }
    }
}
